// !$*UTF8*$!
{
	archiveVersion = 1;
	classes = {
	};
	objectVersion = 46;
	objects = {

/* Begin PBXBuildFile section */
		330A7A8E1D28F296007FEABB /* AppDelegate.swift in Sources */ = {isa = PBXBuildFile; fileRef = 330A7A8D1D28F296007FEABB /* AppDelegate.swift */; };
		330A7A901D28F296007FEABB /* ViewController.swift in Sources */ = {isa = PBXBuildFile; fileRef = 330A7A8F1D28F296007FEABB /* ViewController.swift */; };
		330A7A931D28F296007FEABB /* Main.storyboard in Resources */ = {isa = PBXBuildFile; fileRef = 330A7A911D28F296007FEABB /* Main.storyboard */; };
		330A7A961D28F296007FEABB /* ThePuzzChat.xcdatamodeld in Sources */ = {isa = PBXBuildFile; fileRef = 330A7A941D28F296007FEABB /* ThePuzzChat.xcdatamodeld */; };
		330A7A981D28F296007FEABB /* Assets.xcassets in Resources */ = {isa = PBXBuildFile; fileRef = 330A7A971D28F296007FEABB /* Assets.xcassets */; };
		330A7A9B1D28F296007FEABB /* LaunchScreen.storyboard in Resources */ = {isa = PBXBuildFile; fileRef = 330A7A991D28F296007FEABB /* LaunchScreen.storyboard */; };
		330A7AA61D28F296007FEABB /* ThePuzzChatTests.swift in Sources */ = {isa = PBXBuildFile; fileRef = 330A7AA51D28F296007FEABB /* ThePuzzChatTests.swift */; };
		330A7AB11D28F296007FEABB /* ThePuzzChatUITests.swift in Sources */ = {isa = PBXBuildFile; fileRef = 330A7AB01D28F296007FEABB /* ThePuzzChatUITests.swift */; };
		330A7ABF1D28F369007FEABB /* PuzzleManager.swift in Sources */ = {isa = PBXBuildFile; fileRef = 330A7ABE1D28F369007FEABB /* PuzzleManager.swift */; };
		330A7AC11D28F52B007FEABB /* SolvePuzzleVC.swift in Sources */ = {isa = PBXBuildFile; fileRef = 330A7AC01D28F52B007FEABB /* SolvePuzzleVC.swift */; };
		330A7AC31D28F625007FEABB /* Puzzle.swift in Sources */ = {isa = PBXBuildFile; fileRef = 330A7AC21D28F625007FEABB /* Puzzle.swift */; };
		330A7AC71D2A14F8007FEABB /* Tile.swift in Sources */ = {isa = PBXBuildFile; fileRef = 330A7AC61D2A14F8007FEABB /* Tile.swift */; };
		33ADABAD1D30DBDB00202695 /* HomeScreenScrollVC.swift in Sources */ = {isa = PBXBuildFile; fileRef = 33ADABAC1D30DBDB00202695 /* HomeScreenScrollVC.swift */; };
/* End PBXBuildFile section */

/* Begin PBXContainerItemProxy section */
		330A7AA21D28F296007FEABB /* PBXContainerItemProxy */ = {
			isa = PBXContainerItemProxy;
			containerPortal = 330A7A821D28F296007FEABB /* Project object */;
			proxyType = 1;
			remoteGlobalIDString = 330A7A891D28F296007FEABB;
			remoteInfo = ThePuzzChat;
		};
		330A7AAD1D28F296007FEABB /* PBXContainerItemProxy */ = {
			isa = PBXContainerItemProxy;
			containerPortal = 330A7A821D28F296007FEABB /* Project object */;
			proxyType = 1;
			remoteGlobalIDString = 330A7A891D28F296007FEABB;
			remoteInfo = ThePuzzChat;
		};
/* End PBXContainerItemProxy section */

/* Begin PBXFileReference section */
		330A7A8A1D28F296007FEABB /* ThePuzzChat.app */ = {isa = PBXFileReference; explicitFileType = wrapper.application; includeInIndex = 0; path = ThePuzzChat.app; sourceTree = BUILT_PRODUCTS_DIR; };
		330A7A8D1D28F296007FEABB /* AppDelegate.swift */ = {isa = PBXFileReference; lastKnownFileType = sourcecode.swift; path = AppDelegate.swift; sourceTree = "<group>"; };
		330A7A8F1D28F296007FEABB /* ViewController.swift */ = {isa = PBXFileReference; lastKnownFileType = sourcecode.swift; path = ViewController.swift; sourceTree = "<group>"; };
		330A7A921D28F296007FEABB /* Base */ = {isa = PBXFileReference; lastKnownFileType = file.storyboard; name = Base; path = Base.lproj/Main.storyboard; sourceTree = "<group>"; };
		330A7A951D28F296007FEABB /* ThePuzzChat.xcdatamodel */ = {isa = PBXFileReference; lastKnownFileType = wrapper.xcdatamodel; path = ThePuzzChat.xcdatamodel; sourceTree = "<group>"; };
		330A7A971D28F296007FEABB /* Assets.xcassets */ = {isa = PBXFileReference; lastKnownFileType = folder.assetcatalog; path = Assets.xcassets; sourceTree = "<group>"; };
		330A7A9A1D28F296007FEABB /* Base */ = {isa = PBXFileReference; lastKnownFileType = file.storyboard; name = Base; path = Base.lproj/LaunchScreen.storyboard; sourceTree = "<group>"; };
		330A7A9C1D28F296007FEABB /* Info.plist */ = {isa = PBXFileReference; lastKnownFileType = text.plist.xml; path = Info.plist; sourceTree = "<group>"; };
		330A7AA11D28F296007FEABB /* ThePuzzChatTests.xctest */ = {isa = PBXFileReference; explicitFileType = wrapper.cfbundle; includeInIndex = 0; path = ThePuzzChatTests.xctest; sourceTree = BUILT_PRODUCTS_DIR; };
		330A7AA51D28F296007FEABB /* ThePuzzChatTests.swift */ = {isa = PBXFileReference; lastKnownFileType = sourcecode.swift; path = ThePuzzChatTests.swift; sourceTree = "<group>"; };
		330A7AA71D28F296007FEABB /* Info.plist */ = {isa = PBXFileReference; lastKnownFileType = text.plist.xml; path = Info.plist; sourceTree = "<group>"; };
		330A7AAC1D28F296007FEABB /* ThePuzzChatUITests.xctest */ = {isa = PBXFileReference; explicitFileType = wrapper.cfbundle; includeInIndex = 0; path = ThePuzzChatUITests.xctest; sourceTree = BUILT_PRODUCTS_DIR; };
		330A7AB01D28F296007FEABB /* ThePuzzChatUITests.swift */ = {isa = PBXFileReference; lastKnownFileType = sourcecode.swift; path = ThePuzzChatUITests.swift; sourceTree = "<group>"; };
		330A7AB21D28F296007FEABB /* Info.plist */ = {isa = PBXFileReference; lastKnownFileType = text.plist.xml; path = Info.plist; sourceTree = "<group>"; };
		330A7ABE1D28F369007FEABB /* PuzzleManager.swift */ = {isa = PBXFileReference; fileEncoding = 4; lastKnownFileType = sourcecode.swift; name = PuzzleManager.swift; path = ../PuzzleManager.swift; sourceTree = "<group>"; };
		330A7AC01D28F52B007FEABB /* SolvePuzzleVC.swift */ = {isa = PBXFileReference; fileEncoding = 4; lastKnownFileType = sourcecode.swift; path = SolvePuzzleVC.swift; sourceTree = "<group>"; };
		330A7AC21D28F625007FEABB /* Puzzle.swift */ = {isa = PBXFileReference; fileEncoding = 4; lastKnownFileType = sourcecode.swift; path = Puzzle.swift; sourceTree = "<group>"; };
		330A7AC61D2A14F8007FEABB /* Tile.swift */ = {isa = PBXFileReference; fileEncoding = 4; lastKnownFileType = sourcecode.swift; path = Tile.swift; sourceTree = "<group>"; };
		33ADABAC1D30DBDB00202695 /* HomeScreenScrollVC.swift */ = {isa = PBXFileReference; fileEncoding = 4; lastKnownFileType = sourcecode.swift; path = HomeScreenScrollVC.swift; sourceTree = "<group>"; };
/* End PBXFileReference section */

/* Begin PBXFrameworksBuildPhase section */
		330A7A871D28F296007FEABB /* Frameworks */ = {
			isa = PBXFrameworksBuildPhase;
			buildActionMask = 2147483647;
			files = (
			);
			runOnlyForDeploymentPostprocessing = 0;
		};
		330A7A9E1D28F296007FEABB /* Frameworks */ = {
			isa = PBXFrameworksBuildPhase;
			buildActionMask = 2147483647;
			files = (
			);
			runOnlyForDeploymentPostprocessing = 0;
		};
		330A7AA91D28F296007FEABB /* Frameworks */ = {
			isa = PBXFrameworksBuildPhase;
			buildActionMask = 2147483647;
			files = (
			);
			runOnlyForDeploymentPostprocessing = 0;
		};
/* End PBXFrameworksBuildPhase section */

/* Begin PBXGroup section */
		330A7A811D28F296007FEABB = {
			isa = PBXGroup;
			children = (
				330A7A8C1D28F296007FEABB /* ThePuzzChat */,
				330A7AA41D28F296007FEABB /* ThePuzzChatTests */,
				330A7AAF1D28F296007FEABB /* ThePuzzChatUITests */,
				330A7A8B1D28F296007FEABB /* Products */,
			);
			sourceTree = "<group>";
		};
		330A7A8B1D28F296007FEABB /* Products */ = {
			isa = PBXGroup;
			children = (
				330A7A8A1D28F296007FEABB /* ThePuzzChat.app */,
				330A7AA11D28F296007FEABB /* ThePuzzChatTests.xctest */,
				330A7AAC1D28F296007FEABB /* ThePuzzChatUITests.xctest */,
			);
			name = Products;
			sourceTree = "<group>";
		};
		330A7A8C1D28F296007FEABB /* ThePuzzChat */ = {
			isa = PBXGroup;
			children = (
				330A7AC21D28F625007FEABB /* Puzzle.swift */,
				330A7ABE1D28F369007FEABB /* PuzzleManager.swift */,
				330A7A8D1D28F296007FEABB /* AppDelegate.swift */,
				330A7A8F1D28F296007FEABB /* ViewController.swift */,
				330A7AC61D2A14F8007FEABB /* Tile.swift */,
				33ADABAC1D30DBDB00202695 /* HomeScreenScrollVC.swift */,
				330A7AC01D28F52B007FEABB /* SolvePuzzleVC.swift */,
				330A7A911D28F296007FEABB /* Main.storyboard */,
				330A7A971D28F296007FEABB /* Assets.xcassets */,
				330A7A991D28F296007FEABB /* LaunchScreen.storyboard */,
				330A7A9C1D28F296007FEABB /* Info.plist */,
				330A7A941D28F296007FEABB /* ThePuzzChat.xcdatamodeld */,
			);
			path = ThePuzzChat;
			sourceTree = "<group>";
		};
		330A7AA41D28F296007FEABB /* ThePuzzChatTests */ = {
			isa = PBXGroup;
			children = (
				330A7AA51D28F296007FEABB /* ThePuzzChatTests.swift */,
				330A7AA71D28F296007FEABB /* Info.plist */,
			);
			path = ThePuzzChatTests;
			sourceTree = "<group>";
		};
		330A7AAF1D28F296007FEABB /* ThePuzzChatUITests */ = {
			isa = PBXGroup;
			children = (
				330A7AB01D28F296007FEABB /* ThePuzzChatUITests.swift */,
				330A7AB21D28F296007FEABB /* Info.plist */,
			);
			path = ThePuzzChatUITests;
			sourceTree = "<group>";
		};
/* End PBXGroup section */

/* Begin PBXNativeTarget section */
		330A7A891D28F296007FEABB /* ThePuzzChat */ = {
			isa = PBXNativeTarget;
			buildConfigurationList = 330A7AB51D28F296007FEABB /* Build configuration list for PBXNativeTarget "ThePuzzChat" */;
			buildPhases = (
				330A7A861D28F296007FEABB /* Sources */,
				330A7A871D28F296007FEABB /* Frameworks */,
				330A7A881D28F296007FEABB /* Resources */,
			);
			buildRules = (
			);
			dependencies = (
			);
			name = ThePuzzChat;
			productName = ThePuzzChat;
			productReference = 330A7A8A1D28F296007FEABB /* ThePuzzChat.app */;
			productType = "com.apple.product-type.application";
		};
		330A7AA01D28F296007FEABB /* ThePuzzChatTests */ = {
			isa = PBXNativeTarget;
			buildConfigurationList = 330A7AB81D28F296007FEABB /* Build configuration list for PBXNativeTarget "ThePuzzChatTests" */;
			buildPhases = (
				330A7A9D1D28F296007FEABB /* Sources */,
				330A7A9E1D28F296007FEABB /* Frameworks */,
				330A7A9F1D28F296007FEABB /* Resources */,
			);
			buildRules = (
			);
			dependencies = (
				330A7AA31D28F296007FEABB /* PBXTargetDependency */,
			);
			name = ThePuzzChatTests;
			productName = ThePuzzChatTests;
			productReference = 330A7AA11D28F296007FEABB /* ThePuzzChatTests.xctest */;
			productType = "com.apple.product-type.bundle.unit-test";
		};
		330A7AAB1D28F296007FEABB /* ThePuzzChatUITests */ = {
			isa = PBXNativeTarget;
			buildConfigurationList = 330A7ABB1D28F296007FEABB /* Build configuration list for PBXNativeTarget "ThePuzzChatUITests" */;
			buildPhases = (
				330A7AA81D28F296007FEABB /* Sources */,
				330A7AA91D28F296007FEABB /* Frameworks */,
				330A7AAA1D28F296007FEABB /* Resources */,
			);
			buildRules = (
			);
			dependencies = (
				330A7AAE1D28F296007FEABB /* PBXTargetDependency */,
			);
			name = ThePuzzChatUITests;
			productName = ThePuzzChatUITests;
			productReference = 330A7AAC1D28F296007FEABB /* ThePuzzChatUITests.xctest */;
			productType = "com.apple.product-type.bundle.ui-testing";
		};
/* End PBXNativeTarget section */

/* Begin PBXProject section */
		330A7A821D28F296007FEABB /* Project object */ = {
			isa = PBXProject;
			attributes = {
				LastSwiftUpdateCheck = 0730;
				LastUpgradeCheck = 0730;
				ORGANIZATIONNAME = "Daniel Leclair";
				TargetAttributes = {
					330A7A891D28F296007FEABB = {
						CreatedOnToolsVersion = 7.3.1;
						DevelopmentTeam = J5F72CJP5Y;
					};
					330A7AA01D28F296007FEABB = {
						CreatedOnToolsVersion = 7.3.1;
						TestTargetID = 330A7A891D28F296007FEABB;
					};
					330A7AAB1D28F296007FEABB = {
						CreatedOnToolsVersion = 7.3.1;
						TestTargetID = 330A7A891D28F296007FEABB;
					};
				};
			};
			buildConfigurationList = 330A7A851D28F296007FEABB /* Build configuration list for PBXProject "ThePuzzChat" */;
			compatibilityVersion = "Xcode 3.2";
			developmentRegion = English;
			hasScannedForEncodings = 0;
			knownRegions = (
				en,
				Base,
			);
			mainGroup = 330A7A811D28F296007FEABB;
			productRefGroup = 330A7A8B1D28F296007FEABB /* Products */;
			projectDirPath = "";
			projectRoot = "";
			targets = (
				330A7A891D28F296007FEABB /* ThePuzzChat */,
				330A7AA01D28F296007FEABB /* ThePuzzChatTests */,
				330A7AAB1D28F296007FEABB /* ThePuzzChatUITests */,
			);
		};
/* End PBXProject section */

/* Begin PBXResourcesBuildPhase section */
		330A7A881D28F296007FEABB /* Resources */ = {
			isa = PBXResourcesBuildPhase;
			buildActionMask = 2147483647;
			files = (
				330A7A9B1D28F296007FEABB /* LaunchScreen.storyboard in Resources */,
				330A7A981D28F296007FEABB /* Assets.xcassets in Resources */,
				330A7A931D28F296007FEABB /* Main.storyboard in Resources */,
			);
			runOnlyForDeploymentPostprocessing = 0;
		};
		330A7A9F1D28F296007FEABB /* Resources */ = {
			isa = PBXResourcesBuildPhase;
			buildActionMask = 2147483647;
			files = (
			);
			runOnlyForDeploymentPostprocessing = 0;
		};
		330A7AAA1D28F296007FEABB /* Resources */ = {
			isa = PBXResourcesBuildPhase;
			buildActionMask = 2147483647;
			files = (
			);
			runOnlyForDeploymentPostprocessing = 0;
		};
/* End PBXResourcesBuildPhase section */

/* Begin PBXSourcesBuildPhase section */
		330A7A861D28F296007FEABB /* Sources */ = {
			isa = PBXSourcesBuildPhase;
			buildActionMask = 2147483647;
			files = (
				330A7A901D28F296007FEABB /* ViewController.swift in Sources */,
				330A7A961D28F296007FEABB /* ThePuzzChat.xcdatamodeld in Sources */,
				330A7AC11D28F52B007FEABB /* SolvePuzzleVC.swift in Sources */,
				33ADABAD1D30DBDB00202695 /* HomeScreenScrollVC.swift in Sources */,
				330A7AC71D2A14F8007FEABB /* Tile.swift in Sources */,
				330A7AC31D28F625007FEABB /* Puzzle.swift in Sources */,
				330A7A8E1D28F296007FEABB /* AppDelegate.swift in Sources */,
				330A7ABF1D28F369007FEABB /* PuzzleManager.swift in Sources */,
			);
			runOnlyForDeploymentPostprocessing = 0;
		};
		330A7A9D1D28F296007FEABB /* Sources */ = {
			isa = PBXSourcesBuildPhase;
			buildActionMask = 2147483647;
			files = (
				330A7AA61D28F296007FEABB /* ThePuzzChatTests.swift in Sources */,
			);
			runOnlyForDeploymentPostprocessing = 0;
		};
		330A7AA81D28F296007FEABB /* Sources */ = {
			isa = PBXSourcesBuildPhase;
			buildActionMask = 2147483647;
			files = (
				330A7AB11D28F296007FEABB /* ThePuzzChatUITests.swift in Sources */,
			);
			runOnlyForDeploymentPostprocessing = 0;
		};
/* End PBXSourcesBuildPhase section */

/* Begin PBXTargetDependency section */
		330A7AA31D28F296007FEABB /* PBXTargetDependency */ = {
			isa = PBXTargetDependency;
			target = 330A7A891D28F296007FEABB /* ThePuzzChat */;
			targetProxy = 330A7AA21D28F296007FEABB /* PBXContainerItemProxy */;
		};
		330A7AAE1D28F296007FEABB /* PBXTargetDependency */ = {
			isa = PBXTargetDependency;
			target = 330A7A891D28F296007FEABB /* ThePuzzChat */;
			targetProxy = 330A7AAD1D28F296007FEABB /* PBXContainerItemProxy */;
		};
/* End PBXTargetDependency section */

/* Begin PBXVariantGroup section */
		330A7A911D28F296007FEABB /* Main.storyboard */ = {
			isa = PBXVariantGroup;
			children = (
				330A7A921D28F296007FEABB /* Base */,
			);
			name = Main.storyboard;
			sourceTree = "<group>";
		};
		330A7A991D28F296007FEABB /* LaunchScreen.storyboard */ = {
			isa = PBXVariantGroup;
			children = (
				330A7A9A1D28F296007FEABB /* Base */,
			);
			name = LaunchScreen.storyboard;
			sourceTree = "<group>";
		};
/* End PBXVariantGroup section */

/* Begin XCBuildConfiguration section */
		330A7AB31D28F296007FEABB /* Debug */ = {
			isa = XCBuildConfiguration;
			buildSettings = {
				ALWAYS_SEARCH_USER_PATHS = NO;
				CLANG_ANALYZER_NONNULL = YES;
				CLANG_CXX_LANGUAGE_STANDARD = "gnu++0x";
				CLANG_CXX_LIBRARY = "libc++";
				CLANG_ENABLE_MODULES = YES;
				CLANG_ENABLE_OBJC_ARC = YES;
				CLANG_WARN_BOOL_CONVERSION = YES;
				CLANG_WARN_CONSTANT_CONVERSION = YES;
				CLANG_WARN_DIRECT_OBJC_ISA_USAGE = YES_ERROR;
				CLANG_WARN_EMPTY_BODY = YES;
				CLANG_WARN_ENUM_CONVERSION = YES;
				CLANG_WARN_INT_CONVERSION = YES;
				CLANG_WARN_OBJC_ROOT_CLASS = YES_ERROR;
				CLANG_WARN_UNREACHABLE_CODE = YES;
				CLANG_WARN__DUPLICATE_METHOD_MATCH = YES;
				"CODE_SIGN_IDENTITY[sdk=iphoneos*]" = "iPhone Developer";
				COPY_PHASE_STRIP = NO;
				DEBUG_INFORMATION_FORMAT = dwarf;
				ENABLE_STRICT_OBJC_MSGSEND = YES;
				ENABLE_TESTABILITY = YES;
				GCC_C_LANGUAGE_STANDARD = gnu99;
				GCC_DYNAMIC_NO_PIC = NO;
				GCC_NO_COMMON_BLOCKS = YES;
				GCC_OPTIMIZATION_LEVEL = 0;
				GCC_PREPROCESSOR_DEFINITIONS = (
					"DEBUG=1",
					"$(inherited)",
				);
				GCC_WARN_64_TO_32_BIT_CONVERSION = YES;
				GCC_WARN_ABOUT_RETURN_TYPE = YES_ERROR;
				GCC_WARN_UNDECLARED_SELECTOR = YES;
				GCC_WARN_UNINITIALIZED_AUTOS = YES_AGGRESSIVE;
				GCC_WARN_UNUSED_FUNCTION = YES;
				GCC_WARN_UNUSED_VARIABLE = YES;
				IPHONEOS_DEPLOYMENT_TARGET = 9.3;
				MTL_ENABLE_DEBUG_INFO = YES;
				ONLY_ACTIVE_ARCH = YES;
				SDKROOT = iphoneos;
				SWIFT_OPTIMIZATION_LEVEL = "-Onone";
			};
			name = Debug;
		};
		330A7AB41D28F296007FEABB /* Release */ = {
			isa = XCBuildConfiguration;
			buildSettings = {
				ALWAYS_SEARCH_USER_PATHS = NO;
				CLANG_ANALYZER_NONNULL = YES;
				CLANG_CXX_LANGUAGE_STANDARD = "gnu++0x";
				CLANG_CXX_LIBRARY = "libc++";
				CLANG_ENABLE_MODULES = YES;
				CLANG_ENABLE_OBJC_ARC = YES;
				CLANG_WARN_BOOL_CONVERSION = YES;
				CLANG_WARN_CONSTANT_CONVERSION = YES;
				CLANG_WARN_DIRECT_OBJC_ISA_USAGE = YES_ERROR;
				CLANG_WARN_EMPTY_BODY = YES;
				CLANG_WARN_ENUM_CONVERSION = YES;
				CLANG_WARN_INT_CONVERSION = YES;
				CLANG_WARN_OBJC_ROOT_CLASS = YES_ERROR;
				CLANG_WARN_UNREACHABLE_CODE = YES;
				CLANG_WARN__DUPLICATE_METHOD_MATCH = YES;
				"CODE_SIGN_IDENTITY[sdk=iphoneos*]" = "iPhone Developer";
				COPY_PHASE_STRIP = NO;
				DEBUG_INFORMATION_FORMAT = "dwarf-with-dsym";
				ENABLE_NS_ASSERTIONS = NO;
				ENABLE_STRICT_OBJC_MSGSEND = YES;
				GCC_C_LANGUAGE_STANDARD = gnu99;
				GCC_NO_COMMON_BLOCKS = YES;
				GCC_WARN_64_TO_32_BIT_CONVERSION = YES;
				GCC_WARN_ABOUT_RETURN_TYPE = YES_ERROR;
				GCC_WARN_UNDECLARED_SELECTOR = YES;
				GCC_WARN_UNINITIALIZED_AUTOS = YES_AGGRESSIVE;
				GCC_WARN_UNUSED_FUNCTION = YES;
				GCC_WARN_UNUSED_VARIABLE = YES;
				IPHONEOS_DEPLOYMENT_TARGET = 9.3;
				MTL_ENABLE_DEBUG_INFO = NO;
				SDKROOT = iphoneos;
				VALIDATE_PRODUCT = YES;
			};
			name = Release;
		};
		330A7AB61D28F296007FEABB /* Debug */ = {
			isa = XCBuildConfiguration;
			buildSettings = {
				ASSETCATALOG_COMPILER_APPICON_NAME = AppIcon;
				ASSETCATALOG_COMPILER_LAUNCHIMAGE_NAME = LaunchImage;
				CODE_SIGN_IDENTITY = "iPhone Developer";
				INFOPLIST_FILE = ThePuzzChat/Info.plist;
				LD_RUNPATH_SEARCH_PATHS = "$(inherited) @executable_path/Frameworks";
				PRODUCT_BUNDLE_IDENTIFIER = com.Leclairware.ThePuzzChat;
				PRODUCT_NAME = "$(TARGET_NAME)";
			};
			name = Debug;
		};
		330A7AB71D28F296007FEABB /* Release */ = {
			isa = XCBuildConfiguration;
			buildSettings = {
				ASSETCATALOG_COMPILER_APPICON_NAME = AppIcon;
				ASSETCATALOG_COMPILER_LAUNCHIMAGE_NAME = LaunchImage;
				CODE_SIGN_IDENTITY = "iPhone Developer";
				INFOPLIST_FILE = ThePuzzChat/Info.plist;
				LD_RUNPATH_SEARCH_PATHS = "$(inherited) @executable_path/Frameworks";
				PRODUCT_BUNDLE_IDENTIFIER = com.Leclairware.ThePuzzChat;
				PRODUCT_NAME = "$(TARGET_NAME)";
			};
			name = Release;
		};
		330A7AB91D28F296007FEABB /* Debug */ = {
			isa = XCBuildConfiguration;
			buildSettings = {
				BUNDLE_LOADER = "$(TEST_HOST)";
				INFOPLIST_FILE = ThePuzzChatTests/Info.plist;
				LD_RUNPATH_SEARCH_PATHS = "$(inherited) @executable_path/Frameworks @loader_path/Frameworks";
				PRODUCT_BUNDLE_IDENTIFIER = com.Leclairware.ThePuzzChatTests;
				PRODUCT_NAME = "$(TARGET_NAME)";
				TEST_HOST = "$(BUILT_PRODUCTS_DIR)/ThePuzzChat.app/ThePuzzChat";
			};
			name = Debug;
		};
		330A7ABA1D28F296007FEABB /* Release */ = {
			isa = XCBuildConfiguration;
			buildSettings = {
				BUNDLE_LOADER = "$(TEST_HOST)";
				INFOPLIST_FILE = ThePuzzChatTests/Info.plist;
				LD_RUNPATH_SEARCH_PATHS = "$(inherited) @executable_path/Frameworks @loader_path/Frameworks";
				PRODUCT_BUNDLE_IDENTIFIER = com.Leclairware.ThePuzzChatTests;
				PRODUCT_NAME = "$(TARGET_NAME)";
				TEST_HOST = "$(BUILT_PRODUCTS_DIR)/ThePuzzChat.app/ThePuzzChat";
			};
			name = Release;
		};
		330A7ABC1D28F296007FEABB /* Debug */ = {
			isa = XCBuildConfiguration;
			buildSettings = {
				INFOPLIST_FILE = ThePuzzChatUITests/Info.plist;
				LD_RUNPATH_SEARCH_PATHS = "$(inherited) @executable_path/Frameworks @loader_path/Frameworks";
				PRODUCT_BUNDLE_IDENTIFIER = com.Leclairware.ThePuzzChatUITests;
				PRODUCT_NAME = "$(TARGET_NAME)";
				TEST_TARGET_NAME = ThePuzzChat;
			};
			name = Debug;
		};
		330A7ABD1D28F296007FEABB /* Release */ = {
			isa = XCBuildConfiguration;
			buildSettings = {
				INFOPLIST_FILE = ThePuzzChatUITests/Info.plist;
				LD_RUNPATH_SEARCH_PATHS = "$(inherited) @executable_path/Frameworks @loader_path/Frameworks";
				PRODUCT_BUNDLE_IDENTIFIER = com.Leclairware.ThePuzzChatUITests;
				PRODUCT_NAME = "$(TARGET_NAME)";
				TEST_TARGET_NAME = ThePuzzChat;
			};
			name = Release;
		};
/* End XCBuildConfiguration section */

/* Begin XCConfigurationList section */
		330A7A851D28F296007FEABB /* Build configuration list for PBXProject "ThePuzzChat" */ = {
			isa = XCConfigurationList;
			buildConfigurations = (
				330A7AB31D28F296007FEABB /* Debug */,
				330A7AB41D28F296007FEABB /* Release */,
			);
			defaultConfigurationIsVisible = 0;
			defaultConfigurationName = Release;
		};
		330A7AB51D28F296007FEABB /* Build configuration list for PBXNativeTarget "ThePuzzChat" */ = {
			isa = XCConfigurationList;
			buildConfigurations = (
				330A7AB61D28F296007FEABB /* Debug */,
				330A7AB71D28F296007FEABB /* Release */,
			);
			defaultConfigurationIsVisible = 0;
			defaultConfigurationName = Release;
		};
		330A7AB81D28F296007FEABB /* Build configuration list for PBXNativeTarget "ThePuzzChatTests" */ = {
			isa = XCConfigurationList;
			buildConfigurations = (
				330A7AB91D28F296007FEABB /* Debug */,
				330A7ABA1D28F296007FEABB /* Release */,
			);
			defaultConfigurationIsVisible = 0;
			defaultConfigurationName = Release;
		};
		330A7ABB1D28F296007FEABB /* Build configuration list for PBXNativeTarget "ThePuzzChatUITests" */ = {
			isa = XCConfigurationList;
			buildConfigurations = (
				330A7ABC1D28F296007FEABB /* Debug */,
				330A7ABD1D28F296007FEABB /* Release */,
			);
			defaultConfigurationIsVisible = 0;
			defaultConfigurationName = Release;
		};
/* End XCConfigurationList section */

/* Begin XCVersionGroup section */
		330A7A941D28F296007FEABB /* ThePuzzChat.xcdatamodeld */ = {
			isa = XCVersionGroup;
			children = (
				330A7A951D28F296007FEABB /* ThePuzzChat.xcdatamodel */,
			);
			currentVersion = 330A7A951D28F296007FEABB /* ThePuzzChat.xcdatamodel */;
			path = ThePuzzChat.xcdatamodeld;
			sourceTree = "<group>";
			versionGroupType = wrapper.xcdatamodel;
		};
/* End XCVersionGroup section */
	};
	rootObject = 330A7A821D28F296007FEABB /* Project object */;
}
